
Microsoft Visual Studio Solution File, Format Version 12.00
# Visual Studio Version 17
VisualStudioVersion = 17.0.31903.59
MinimumVisualStudioVersion = 10.0.40219.1
Project("{2150E333-8FDC-42A3-9474-1A3956D46DE8}") = "Bootstrapper", "Bootstrapper", "{A42421DF-83F2-EC56-5368-8ED134CB703A}"
EndProject
Project("{2150E333-8FDC-42A3-9474-1A3956D46DE8}") = "Modules", "Modules", "{EC447DCF-ABFA-6E24-52A5-D7FD48A5C558}"
EndProject
Project("{2150E333-8FDC-42A3-9474-1A3956D46DE8}") = "Shared", "Shared", "{C8E42992-5E42-0C2B-DBFE-AA848D06431C}"
EndProject
Project("{FAE04EC0-301F-11D3-BF4B-00C04F79EFBC}") = "Api", "Bootstrapper\Api\Api.csproj", "{C0533744-9988-4A79-8352-490153BC6C9F}"
EndProject
Project("{2150E333-8FDC-42A3-9474-1A3956D46DE8}") = "Basket", "Basket", "{7C7CF50A-0D15-13C7-5A99-B2A25455D9BA}"
EndProject
Project("{2150E333-8FDC-42A3-9474-1A3956D46DE8}") = "Catalog", "Catalog", "{1E1EF545-4C18-AEE2-B997-7EF431518D3F}"
EndProject
Project("{2150E333-8FDC-42A3-9474-1A3956D46DE8}") = "Ordering", "Ordering", "{1652FDBE-FD70-10D2-8806-7EAA51A58284}"
EndProject
Project("{FAE04EC0-301F-11D3-BF4B-00C04F79EFBC}") = "Catalog", "Modules\Catalog\Catalog\Catalog.csproj", "{38F8E6B7-D3A3-43D2-9711-8763F7124163}"
EndProject
Project("{FAE04EC0-301F-11D3-BF4B-00C04F79EFBC}") = "Basket", "Modules\Basket\Basket\Basket.csproj", "{B261FABD-15BE-4C0B-9017-F0C313C0EAA8}"
EndProject
Project("{FAE04EC0-301F-11D3-BF4B-00C04F79EFBC}") = "Ordering", "Modules\Ordering\Ordering\Ordering.csproj", "{DE842234-7406-4130-AD8C-525D37D19826}"
EndProject
Project("{FAE04EC0-301F-11D3-BF4B-00C04F79EFBC}") = "Shared", "Shared\Shared\Shared.csproj", "{2C7FB696-B541-4A0E-92F4-80660654F517}"
EndProject
Global
	GlobalSection(SolutionConfigurationPlatforms) = preSolution
		Debug|Any CPU = Debug|Any CPU
		Debug|x64 = Debug|x64
		Debug|x86 = Debug|x86
		Release|Any CPU = Release|Any CPU
		Release|x64 = Release|x64
		Release|x86 = Release|x86
	EndGlobalSection
	GlobalSection(ProjectConfigurationPlatforms) = postSolution
		{C0533744-9988-4A79-8352-490153BC6C9F}.Debug|Any CPU.ActiveCfg = Debug|Any CPU
		{C0533744-9988-4A79-8352-490153BC6C9F}.Debug|Any CPU.Build.0 = Debug|Any CPU
		{C0533744-9988-4A79-8352-490153BC6C9F}.Debug|x64.ActiveCfg = Debug|Any CPU
		{C0533744-9988-4A79-8352-490153BC6C9F}.Debug|x64.Build.0 = Debug|Any CPU
		{C0533744-9988-4A79-8352-490153BC6C9F}.Debug|x86.ActiveCfg = Debug|Any CPU
		{C0533744-9988-4A79-8352-490153BC6C9F}.Debug|x86.Build.0 = Debug|Any CPU
		{C0533744-9988-4A79-8352-490153BC6C9F}.Release|Any CPU.ActiveCfg = Release|Any CPU
		{C0533744-9988-4A79-8352-490153BC6C9F}.Release|Any CPU.Build.0 = Release|Any CPU
		{C0533744-9988-4A79-8352-490153BC6C9F}.Release|x64.ActiveCfg = Release|Any CPU
		{C0533744-9988-4A79-8352-490153BC6C9F}.Release|x64.Build.0 = Release|Any CPU
		{C0533744-9988-4A79-8352-490153BC6C9F}.Release|x86.ActiveCfg = Release|Any CPU
		{C0533744-9988-4A79-8352-490153BC6C9F}.Release|x86.Build.0 = Release|Any CPU
		{38F8E6B7-D3A3-43D2-9711-8763F7124163}.Debug|Any CPU.ActiveCfg = Debug|Any CPU
		{38F8E6B7-D3A3-43D2-9711-8763F7124163}.Debug|Any CPU.Build.0 = Debug|Any CPU
		{38F8E6B7-D3A3-43D2-9711-8763F7124163}.Debug|x64.ActiveCfg = Debug|Any CPU
		{38F8E6B7-D3A3-43D2-9711-8763F7124163}.Debug|x64.Build.0 = Debug|Any CPU
		{38F8E6B7-D3A3-43D2-9711-8763F7124163}.Debug|x86.ActiveCfg = Debug|Any CPU
		{38F8E6B7-D3A3-43D2-9711-8763F7124163}.Debug|x86.Build.0 = Debug|Any CPU
		{38F8E6B7-D3A3-43D2-9711-8763F7124163}.Release|Any CPU.ActiveCfg = Release|Any CPU
		{38F8E6B7-D3A3-43D2-9711-8763F7124163}.Release|Any CPU.Build.0 = Release|Any CPU
		{38F8E6B7-D3A3-43D2-9711-8763F7124163}.Release|x64.ActiveCfg = Release|Any CPU
		{38F8E6B7-D3A3-43D2-9711-8763F7124163}.Release|x64.Build.0 = Release|Any CPU
		{38F8E6B7-D3A3-43D2-9711-8763F7124163}.Release|x86.ActiveCfg = Release|Any CPU
		{38F8E6B7-D3A3-43D2-9711-8763F7124163}.Release|x86.Build.0 = Release|Any CPU
		{B261FABD-15BE-4C0B-9017-F0C313C0EAA8}.Debug|Any CPU.ActiveCfg = Debug|Any CPU
		{B261FABD-15BE-4C0B-9017-F0C313C0EAA8}.Debug|Any CPU.Build.0 = Debug|Any CPU
		{B261FABD-15BE-4C0B-9017-F0C313C0EAA8}.Debug|x64.ActiveCfg = Debug|Any CPU
		{B261FABD-15BE-4C0B-9017-F0C313C0EAA8}.Debug|x64.Build.0 = Debug|Any CPU
		{B261FABD-15BE-4C0B-9017-F0C313C0EAA8}.Debug|x86.ActiveCfg = Debug|Any CPU
		{B261FABD-15BE-4C0B-9017-F0C313C0EAA8}.Debug|x86.Build.0 = Debug|Any CPU
		{B261FABD-15BE-4C0B-9017-F0C313C0EAA8}.Release|Any CPU.ActiveCfg = Release|Any CPU
		{B261FABD-15BE-4C0B-9017-F0C313C0EAA8}.Release|Any CPU.Build.0 = Release|Any CPU
		{B261FABD-15BE-4C0B-9017-F0C313C0EAA8}.Release|x64.ActiveCfg = Release|Any CPU
		{B261FABD-15BE-4C0B-9017-F0C313C0EAA8}.Release|x64.Build.0 = Release|Any CPU
		{B261FABD-15BE-4C0B-9017-F0C313C0EAA8}.Release|x86.ActiveCfg = Release|Any CPU
		{B261FABD-15BE-4C0B-9017-F0C313C0EAA8}.Release|x86.Build.0 = Release|Any CPU
		{DE842234-7406-4130-AD8C-525D37D19826}.Debug|Any CPU.ActiveCfg = Debug|Any CPU
		{DE842234-7406-4130-AD8C-525D37D19826}.Debug|Any CPU.Build.0 = Debug|Any CPU
		{DE842234-7406-4130-AD8C-525D37D19826}.Debug|x64.ActiveCfg = Debug|Any CPU
		{DE842234-7406-4130-AD8C-525D37D19826}.Debug|x64.Build.0 = Debug|Any CPU
		{DE842234-7406-4130-AD8C-525D37D19826}.Debug|x86.ActiveCfg = Debug|Any CPU
		{DE842234-7406-4130-AD8C-525D37D19826}.Debug|x86.Build.0 = Debug|Any CPU
		{DE842234-7406-4130-AD8C-525D37D19826}.Release|Any CPU.ActiveCfg = Release|Any CPU
		{DE842234-7406-4130-AD8C-525D37D19826}.Release|Any CPU.Build.0 = Release|Any CPU
		{DE842234-7406-4130-AD8C-525D37D19826}.Release|x64.ActiveCfg = Release|Any CPU
		{DE842234-7406-4130-AD8C-525D37D19826}.Release|x64.Build.0 = Release|Any CPU
		{DE842234-7406-4130-AD8C-525D37D19826}.Release|x86.ActiveCfg = Release|Any CPU
		{DE842234-7406-4130-AD8C-525D37D19826}.Release|x86.Build.0 = Release|Any CPU
		{2C7FB696-B541-4A0E-92F4-80660654F517}.Debug|Any CPU.ActiveCfg = Debug|Any CPU
		{2C7FB696-B541-4A0E-92F4-80660654F517}.Debug|Any CPU.Build.0 = Debug|Any CPU
		{2C7FB696-B541-4A0E-92F4-80660654F517}.Debug|x64.ActiveCfg = Debug|Any CPU
		{2C7FB696-B541-4A0E-92F4-80660654F517}.Debug|x64.Build.0 = Debug|Any CPU
		{2C7FB696-B541-4A0E-92F4-80660654F517}.Debug|x86.ActiveCfg = Debug|Any CPU
		{2C7FB696-B541-4A0E-92F4-80660654F517}.Debug|x86.Build.0 = Debug|Any CPU
		{2C7FB696-B541-4A0E-92F4-80660654F517}.Release|Any CPU.ActiveCfg = Release|Any CPU
		{2C7FB696-B541-4A0E-92F4-80660654F517}.Release|Any CPU.Build.0 = Release|Any CPU
		{2C7FB696-B541-4A0E-92F4-80660654F517}.Release|x64.ActiveCfg = Release|Any CPU
		{2C7FB696-B541-4A0E-92F4-80660654F517}.Release|x64.Build.0 = Release|Any CPU
		{2C7FB696-B541-4A0E-92F4-80660654F517}.Release|x86.ActiveCfg = Release|Any CPU
		{2C7FB696-B541-4A0E-92F4-80660654F517}.Release|x86.Build.0 = Release|Any CPU
	EndGlobalSection
	GlobalSection(SolutionProperties) = preSolution
		HideSolutionNode = FALSE
	EndGlobalSection
	GlobalSection(NestedProjects) = preSolution
		{C0533744-9988-4A79-8352-490153BC6C9F} = {A42421DF-83F2-EC56-5368-8ED134CB703A}
		{7C7CF50A-0D15-13C7-5A99-B2A25455D9BA} = {EC447DCF-ABFA-6E24-52A5-D7FD48A5C558}
		{1E1EF545-4C18-AEE2-B997-7EF431518D3F} = {EC447DCF-ABFA-6E24-52A5-D7FD48A5C558}
		{1652FDBE-FD70-10D2-8806-7EAA51A58284} = {EC447DCF-ABFA-6E24-52A5-D7FD48A5C558}
		{38F8E6B7-D3A3-43D2-9711-8763F7124163} = {1E1EF545-4C18-AEE2-B997-7EF431518D3F}
		{B261FABD-15BE-4C0B-9017-F0C313C0EAA8} = {7C7CF50A-0D15-13C7-5A99-B2A25455D9BA}
		{DE842234-7406-4130-AD8C-525D37D19826} = {1652FDBE-FD70-10D2-8806-7EAA51A58284}
		{2C7FB696-B541-4A0E-92F4-80660654F517} = {C8E42992-5E42-0C2B-DBFE-AA848D06431C}
	EndGlobalSection
EndGlobal
