
Microsoft Visual Studio Solution File, Format Version 12.00
# Visual Studio Version 17
VisualStudioVersion = 17.0.31903.59
MinimumVisualStudioVersion = 10.0.40219.1
Project("{2150E333-8FDC-42A3-9474-1A3956D46DE8}") = "Bootstrapper", "Bootstrapper", "{A42421DF-83F2-EC56-5368-8ED134CB703A}"
EndProject
Project("{2150E333-8FDC-42A3-9474-1A3956D46DE8}") = "Modules", "Modules", "{EC447DCF-ABFA-6E24-52A5-D7FD48A5C558}"
EndProject
Project("{2150E333-8FDC-42A3-9474-1A3956D46DE8}") = "Shared", "Shared", "{C8E42992-5E42-0C2B-DBFE-AA848D06431C}"
EndProject
Global
	GlobalSection(SolutionConfigurationPlatforms) = preSolution
		Debug|Any CPU = Debug|Any CPU
		Debug|x64 = Debug|x64
		Debug|x86 = Debug|x86
		Release|Any CPU = Release|Any CPU
		Release|x64 = Release|x64
		Release|x86 = Release|x86
	EndGlobalSection
	GlobalSection(ProjectConfigurationPlatforms) = postSolution
		{CA3CBD8E-FAA9-4F37-91E8-2DCCDA36FE2A}.Debug|Any CPU.ActiveCfg = Debug|Any CPU
		{CA3CBD8E-FAA9-4F37-91E8-2DCCDA36FE2A}.Debug|Any CPU.Build.0 = Debug|Any CPU
		{CA3CBD8E-FAA9-4F37-91E8-2DCCDA36FE2A}.Debug|x64.ActiveCfg = Debug|Any CPU
		{CA3CBD8E-FAA9-4F37-91E8-2DCCDA36FE2A}.Debug|x64.Build.0 = Debug|Any CPU
		{CA3CBD8E-FAA9-4F37-91E8-2DCCDA36FE2A}.Debug|x86.ActiveCfg = Debug|Any CPU
		{CA3CBD8E-FAA9-4F37-91E8-2DCCDA36FE2A}.Debug|x86.Build.0 = Debug|Any CPU
		{CA3CBD8E-FAA9-4F37-91E8-2DCCDA36FE2A}.Release|Any CPU.ActiveCfg = Release|Any CPU
		{CA3CBD8E-FAA9-4F37-91E8-2DCCDA36FE2A}.Release|Any CPU.Build.0 = Release|Any CPU
		{CA3CBD8E-FAA9-4F37-91E8-2DCCDA36FE2A}.Release|x64.ActiveCfg = Release|Any CPU
		{CA3CBD8E-FAA9-4F37-91E8-2DCCDA36FE2A}.Release|x64.Build.0 = Release|Any CPU
		{CA3CBD8E-FAA9-4F37-91E8-2DCCDA36FE2A}.Release|x86.ActiveCfg = Release|Any CPU
		{CA3CBD8E-FAA9-4F37-91E8-2DCCDA36FE2A}.Release|x86.Build.0 = Release|Any CPU
	EndGlobalSection
	GlobalSection(SolutionProperties) = preSolution
		HideSolutionNode = FALSE
	EndGlobalSection
	GlobalSection(NestedProjects) = preSolution
		{A42421DF-83F2-EC56-5368-8ED134CB703A} = {827E0CD3-B72D-47B6-A68D-7590B98EB39B}
		{EC447DCF-ABFA-6E24-52A5-D7FD48A5C558} = {827E0CD3-B72D-47B6-A68D-7590B98EB39B}
		{C8E42992-5E42-0C2B-DBFE-AA848D06431C} = {827E0CD3-B72D-47B6-A68D-7590B98EB39B}
	EndGlobalSection
EndGlobal
